
Microsoft Visual Studio Solution File, Format Version 12.00
# Visual Studio 15
VisualStudioVersion = 15.0.27703.2026
MinimumVisualStudioVersion = 10.0.40219.1
Project("{8BC9CEB8-8B4A-11D0-8D11-00A0C91BC942}") = "函数指针做函数参数", "函数指针做函数参数\函数指针做函数参数.vcxproj", "{2C752730-9AB2-4330-962B-C44CB802D86F}"
EndProject
Global
	GlobalSection(SolutionConfigurationPlatforms) = preSolution
		Debug|x64 = Debug|x64
		Debug|x86 = Debug|x86
		Release|x64 = Release|x64
		Release|x86 = Release|x86
	EndGlobalSection
	GlobalSection(ProjectConfigurationPlatforms) = postSolution
		{2C752730-9AB2-4330-962B-C44CB802D86F}.Debug|x64.ActiveCfg = Debug|x64
		{2C752730-9AB2-4330-962B-C44CB802D86F}.Debug|x64.Build.0 = Debug|x64
		{2C752730-9AB2-4330-962B-C44CB802D86F}.Debug|x86.ActiveCfg = Debug|Win32
		{2C752730-9AB2-4330-962B-C44CB802D86F}.Debug|x86.Build.0 = Debug|Win32
		{2C752730-9AB2-4330-962B-C44CB802D86F}.Release|x64.ActiveCfg = Release|x64
		{2C752730-9AB2-4330-962B-C44CB802D86F}.Release|x64.Build.0 = Release|x64
		{2C752730-9AB2-4330-962B-C44CB802D86F}.Release|x86.ActiveCfg = Release|Win32
		{2C752730-9AB2-4330-962B-C44CB802D86F}.Release|x86.Build.0 = Release|Win32
	EndGlobalSection
	GlobalSection(SolutionProperties) = preSolution
		HideSolutionNode = FALSE
	EndGlobalSection
	GlobalSection(ExtensibilityGlobals) = postSolution
		SolutionGuid = {EA1EC63A-0044-47F2-860B-EA9588C1FF3D}
	EndGlobalSection
EndGlobal
