
Microsoft Visual Studio Solution File, Format Version 12.00
# Visual Studio 15
VisualStudioVersion = 15.0.27703.2026
MinimumVisualStudioVersion = 10.0.40219.1
Project("{8BC9CEB8-8B4A-11D0-8D11-00A0C91BC942}") = "ConsoleApplication1", "ConsoleApplication1\ConsoleApplication1.vcxproj", "{09E42005-9BC8-4348-8D28-AB92C463F1C8}"
EndProject
Global
	GlobalSection(SolutionConfigurationPlatforms) = preSolution
		Debug|x64 = Debug|x64
		Debug|x86 = Debug|x86
		Release|x64 = Release|x64
		Release|x86 = Release|x86
	EndGlobalSection
	GlobalSection(ProjectConfigurationPlatforms) = postSolution
		{09E42005-9BC8-4348-8D28-AB92C463F1C8}.Debug|x64.ActiveCfg = Debug|x64
		{09E42005-9BC8-4348-8D28-AB92C463F1C8}.Debug|x64.Build.0 = Debug|x64
		{09E42005-9BC8-4348-8D28-AB92C463F1C8}.Debug|x86.ActiveCfg = Debug|Win32
		{09E42005-9BC8-4348-8D28-AB92C463F1C8}.Debug|x86.Build.0 = Debug|Win32
		{09E42005-9BC8-4348-8D28-AB92C463F1C8}.Release|x64.ActiveCfg = Release|x64
		{09E42005-9BC8-4348-8D28-AB92C463F1C8}.Release|x64.Build.0 = Release|x64
		{09E42005-9BC8-4348-8D28-AB92C463F1C8}.Release|x86.ActiveCfg = Release|Win32
		{09E42005-9BC8-4348-8D28-AB92C463F1C8}.Release|x86.Build.0 = Release|Win32
	EndGlobalSection
	GlobalSection(SolutionProperties) = preSolution
		HideSolutionNode = FALSE
	EndGlobalSection
	GlobalSection(ExtensibilityGlobals) = postSolution
		SolutionGuid = {34B6D2D6-C2F7-4609-A120-64F130F2E386}
	EndGlobalSection
EndGlobal
