
Microsoft Visual Studio Solution File, Format Version 12.00
# Visual Studio 14
VisualStudioVersion = 14.0.25420.1
MinimumVisualStudioVersion = 10.0.40219.1
Project("{8BC9CEB8-8B4A-11D0-8D11-00A0C91BC942}") = "TcpClient", "TcpClient.vcxproj", "{5684E189-4F42-32F5-B86B-D11F9D31241D}"
EndProject
Project("{8BC9CEB8-8B4A-11D0-8D11-00A0C91BC942}") = "TcpServer", "..\..\TcpServer\TcpServer\TcpServer.vcxproj", "{7FBC21BB-2798-3638-BB2F-31F39F5913CC}"
EndProject
Global
	GlobalSection(SolutionConfigurationPlatforms) = preSolution
		Debug|x86 = Debug|x86
		Release|x86 = Release|x86
	EndGlobalSection
	GlobalSection(ProjectConfigurationPlatforms) = postSolution
		{5684E189-4F42-32F5-B86B-D11F9D31241D}.Debug|x86.ActiveCfg = Debug|Win32
		{5684E189-4F42-32F5-B86B-D11F9D31241D}.Debug|x86.Build.0 = Debug|Win32
		{5684E189-4F42-32F5-B86B-D11F9D31241D}.Release|x86.ActiveCfg = Release|Win32
		{5684E189-4F42-32F5-B86B-D11F9D31241D}.Release|x86.Build.0 = Release|Win32
		{7FBC21BB-2798-3638-BB2F-31F39F5913CC}.Debug|x86.ActiveCfg = Debug|Win32
		{7FBC21BB-2798-3638-BB2F-31F39F5913CC}.Debug|x86.Build.0 = Debug|Win32
		{7FBC21BB-2798-3638-BB2F-31F39F5913CC}.Release|x86.ActiveCfg = Release|Win32
		{7FBC21BB-2798-3638-BB2F-31F39F5913CC}.Release|x86.Build.0 = Release|Win32
	EndGlobalSection
	GlobalSection(SolutionProperties) = preSolution
		HideSolutionNode = FALSE
	EndGlobalSection
	GlobalSection(ExtensibilityGlobals) = postSolution
		SolutionGuid = {4C55FCF8-0DEA-4A79-BE5E-6BDF247D096B}
	EndGlobalSection
EndGlobal
